{
  "originHash" : "812bbd101bdf7f5bd65d142e189963408131a8045db45723d8c20e8d67dd2b0b",
  "pins" : [
    {
      "identity" : "appauth-ios",
      "kind" : "remoteSourceControl",
      "location" : "https://github.com/openid/AppAuth-iOS.git",
      "state" : {
        "revision" : "145104f5ea9d58ae21b60add007c33c1cc0c948e",
        "version" : "2.0.0"
      }
    }
  ],
  "version" : 3
}
