// !$*UTF8*$!
{
	archiveVersion = 1;
	classes = {
	};
	objectVersion = 55;
	objects = {

/* Begin PBXBuildFile section */
		2B3FC659288AAAE400EF824B /* Localizable.strings in Resources */ = {isa = PBXBuildFile; fileRef = 2B3FC65B288AAAE400EF824B /* Localizable.strings */; };
		2B3FC65E288B1A3F00EF824B /* ServiceViewModel.swift in Sources */ = {isa = PBXBuildFile; fileRef = 2B3FC65D288B1A3F00EF824B /* ServiceViewModel.swift */; };
		2BE4ECD928898E02000722C0 /* NetIdMobileSdkLocalizable.strings in Resources */ = {isa = PBXBuildFile; fileRef = 2BE4ECDB28898E02000722C0 /* NetIdMobileSdkLocalizable.strings */; };
		2BEE602428883BC30064661C /* AuthorizationView.swift in Sources */ = {isa = PBXBuildFile; fileRef = 2BEE602328883BC30064661C /* AuthorizationView.swift */; };
		2BEE602628883D6D0064661C /* Assets.xcassets in Resources */ = {isa = PBXBuildFile; fileRef = 2BEE602528883D6D0064661C /* Assets.xcassets */; };
		2FF2D05273895B8683B75C7F /* NetIdError.swift in Sources */ = {isa = PBXBuildFile; fileRef = 2FF2D788D37D2F0C3519DD4B /* NetIdError.swift */; };
		2FF2D2CB682F57417BBDBAAC /* NetIdServiceDelegate.swift in Sources */ = {isa = PBXBuildFile; fileRef = 2FF2D2100AB5893D811888DA /* NetIdServiceDelegate.swift */; };
		2FF2D2F7E130CEDA49607E9C /* NetIdErrorCode.swift in Sources */ = {isa = PBXBuildFile; fileRef = 2FF2DA526593F2A7FBDDF232 /* NetIdErrorCode.swift */; };
		2FF2D3D113E89AC5C3BDC61D /* AppAuthManagerDelegate.swift in Sources */ = {isa = PBXBuildFile; fileRef = 2FF2D08AC0AE93B1824BCCF9 /* AppAuthManagerDelegate.swift */; };
		2FF2D62D5B11D8FD4AFD0728 /* ReachabilityUtil.swift in Sources */ = {isa = PBXBuildFile; fileRef = 2FF2D776C2E10A28425C9BCB /* ReachabilityUtil.swift */; };
		2FF2D689722CE99CF54C03F3 /* AppAuthManager.swift in Sources */ = {isa = PBXBuildFile; fileRef = 2FF2DD44382CBB7F3DDF845B /* AppAuthManager.swift */; };
		2FF2D7369B75FA88C4468B64 /* UIApplication+NetIdMobileSdkApp.swift in Sources */ = {isa = PBXBuildFile; fileRef = 2FF2D165E3EDAF64CC7914F8 /* UIApplication+NetIdMobileSdkApp.swift */; };
		2FF2DD417BEBC9BF673CFD4A /* NetIdConfig.swift in Sources */ = {isa = PBXBuildFile; fileRef = 2FF2D2CC9EABCA604E782588 /* NetIdConfig.swift */; };
		2FF2DE0624C75427A6702D26 /* AuthorizationUtil.swift in Sources */ = {isa = PBXBuildFile; fileRef = 2FF2DE27C6825AECD022A6A7 /* AuthorizationUtil.swift */; };
		2FF2DE1C64DF1EB53AD4B0AF /* NetIdErrorProcess.swift in Sources */ = {isa = PBXBuildFile; fileRef = 2FF2DDE9BB5F1AF942124D4F /* NetIdErrorProcess.swift */; };
		2FF2DE1D368A69BE44D9561A /* AppIdentifier.swift in Sources */ = {isa = PBXBuildFile; fileRef = 2FF2D3B0995127D1DE754B73 /* AppIdentifier.swift */; };
		2FF2DFCBA26C5B11DA66DBFA /* NetIdService.swift in Sources */ = {isa = PBXBuildFile; fileRef = 2FF2D8630B9D6FE3DCEB3302 /* NetIdService.swift */; };
		B6265F4E28802A39006B1E9D /* WebserviceConstants.swift in Sources */ = {isa = PBXBuildFile; fileRef = B6265F4D28802A39006B1E9D /* WebserviceConstants.swift */; };
		B661616D288E6AA8004F7ACB /* AppDetailsIOS.swift in Sources */ = {isa = PBXBuildFile; fileRef = B661616C288E6AA8004F7ACB /* AppDetailsIOS.swift */; };
		B661616F288E72C7004F7ACB /* NetIdAppIdentifiers.swift in Sources */ = {isa = PBXBuildFile; fileRef = B661616E288E72C7004F7ACB /* NetIdAppIdentifiers.swift */; };
		B6616171288E7332004F7ACB /* AppDetailsAndroid.swift in Sources */ = {isa = PBXBuildFile; fileRef = B6616170288E7332004F7ACB /* AppDetailsAndroid.swift */; };
		B6616175288E9339004F7ACB /* NetIdMobileSdk.framework in Frameworks */ = {isa = PBXBuildFile; fileRef = B66A07C5287D62C100A68E08 /* NetIdMobileSdk.framework */; platformFilter = ios; };
		B6616176288E9339004F7ACB /* NetIdMobileSdk.framework in Embed Frameworks */ = {isa = PBXBuildFile; fileRef = B66A07C5287D62C100A68E08 /* NetIdMobileSdk.framework */; settings = {ATTRIBUTES = (CodeSignOnCopy, RemoveHeadersOnCopy, ); }; };
		B661617C288EDAB4004F7ACB /* UserInfo.swift in Sources */ = {isa = PBXBuildFile; fileRef = B661617B288EDAB4004F7ACB /* UserInfo.swift */; };
		B661617E288EDB6F004F7ACB /* Address.swift in Sources */ = {isa = PBXBuildFile; fileRef = B661617D288EDB6F004F7ACB /* Address.swift */; };
		B6616180288EDBEB004F7ACB /* ShippingAddress.swift in Sources */ = {isa = PBXBuildFile; fileRef = B661617F288EDBEB004F7ACB /* ShippingAddress.swift */; };
		B66A07CA287D62C100A68E08 /* NetIdMobileSdk.docc in Sources */ = {isa = PBXBuildFile; fileRef = B66A07C9287D62C100A68E08 /* NetIdMobileSdk.docc */; };
		B66A07D0287D62C100A68E08 /* NetIdMobileSdk.framework in Frameworks */ = {isa = PBXBuildFile; fileRef = B66A07C5287D62C100A68E08 /* NetIdMobileSdk.framework */; };
		B66A07D5287D62C100A68E08 /* NetIdMobileSdkTests.swift in Sources */ = {isa = PBXBuildFile; fileRef = B66A07D4287D62C100A68E08 /* NetIdMobileSdkTests.swift */; };
		B66A07D6287D62C100A68E08 /* NetIdMobileSdk.h in Headers */ = {isa = PBXBuildFile; fileRef = B66A07C8287D62C100A68E08 /* NetIdMobileSdk.h */; settings = {ATTRIBUTES = (Public, ); }; };
		B66A07E6287D641800A68E08 /* NetIdMobileSdk_AppApp.swift in Sources */ = {isa = PBXBuildFile; fileRef = B66A07E5287D641800A68E08 /* NetIdMobileSdk_AppApp.swift */; };
		B66A07E8287D641800A68E08 /* ContentView.swift in Sources */ = {isa = PBXBuildFile; fileRef = B66A07E7287D641800A68E08 /* ContentView.swift */; };
		B66A07EA287D641900A68E08 /* Assets.xcassets in Resources */ = {isa = PBXBuildFile; fileRef = B66A07E9287D641900A68E08 /* Assets.xcassets */; };
		B66A07ED287D641900A68E08 /* Preview Assets.xcassets in Resources */ = {isa = PBXBuildFile; fileRef = B66A07EC287D641900A68E08 /* Preview Assets.xcassets */; };
		B66A07F7287D641900A68E08 /* NetIdMobileSdk_AppTests.swift in Sources */ = {isa = PBXBuildFile; fileRef = B66A07F6287D641900A68E08 /* NetIdMobileSdk_AppTests.swift */; };
		B66A0801287D641900A68E08 /* NetIdMobileSdk_AppUITests.swift in Sources */ = {isa = PBXBuildFile; fileRef = B66A0800287D641900A68E08 /* NetIdMobileSdk_AppUITests.swift */; };
		B66A0803287D641900A68E08 /* NetIdMobileSdk_AppUITestsLaunchTests.swift in Sources */ = {isa = PBXBuildFile; fileRef = B66A0802287D641900A68E08 /* NetIdMobileSdk_AppUITestsLaunchTests.swift */; };
		B66E34C328858697001C937D /* netIdAppIdentifiers.json in Resources */ = {isa = PBXBuildFile; fileRef = B66E34C228858697001C937D /* netIdAppIdentifiers.json */; };
		B6B22D232880276300F45264 /* AppAuth in Frameworks */ = {isa = PBXBuildFile; productRef = B6B22D222880276300F45264 /* AppAuth */; };
		B6B22D252880276300F45264 /* AppAuthCore in Frameworks */ = {isa = PBXBuildFile; productRef = B6B22D242880276300F45264 /* AppAuthCore */; };
		D692A4A1B8C8F360A887DEBF /* UserInfoRequest.swift in Sources */ = {isa = PBXBuildFile; fileRef = D692ABA93CF874069DC0E636 /* UserInfoRequest.swift */; };
		D692A4D3C8CB9416BC2169B5 /* Logger.swift in Sources */ = {isa = PBXBuildFile; fileRef = D692AECFE5C71DDD154FCC3A /* Logger.swift */; };
		D692A5B324DB3046EE5067CC /* LocalizableUtil.swift in Sources */ = {isa = PBXBuildFile; fileRef = D692AEA622C9D0187769924E /* LocalizableUtil.swift */; };
		D692A7D6C6D7405A6C1329C1 /* Webservice.swift in Sources */ = {isa = PBXBuildFile; fileRef = D692A969E36F89F39914A503 /* Webservice.swift */; };
		D692A9E4151DD1CF4ED1AEB9 /* BaseRequest.swift in Sources */ = {isa = PBXBuildFile; fileRef = D692A32646CA35E8E031BDDF /* BaseRequest.swift */; };
		D692AA57D95E955120FBFED8 /* RequestQuery.swift in Sources */ = {isa = PBXBuildFile; fileRef = D692AAFA685C38A14BB1B529 /* RequestQuery.swift */; };
		D692AA6C6725960AF6DC01B7 /* HttpMethod.swift in Sources */ = {isa = PBXBuildFile; fileRef = D692A9528B4B97FD743663AC /* HttpMethod.swift */; };
/* End PBXBuildFile section */

/* Begin PBXContainerItemProxy section */
		B6616177288E9339004F7ACB /* PBXContainerItemProxy */ = {
			isa = PBXContainerItemProxy;
			containerPortal = B66A07BC287D62C000A68E08 /* Project object */;
			proxyType = 1;
			remoteGlobalIDString = B66A07C4287D62C100A68E08;
			remoteInfo = NetIdMobileSdk;
		};
		B66A07D1287D62C100A68E08 /* PBXContainerItemProxy */ = {
			isa = PBXContainerItemProxy;
			containerPortal = B66A07BC287D62C000A68E08 /* Project object */;
			proxyType = 1;
			remoteGlobalIDString = B66A07C4287D62C100A68E08;
			remoteInfo = NetIdMobileSdk;
		};
		B66A07F3287D641900A68E08 /* PBXContainerItemProxy */ = {
			isa = PBXContainerItemProxy;
			containerPortal = B66A07BC287D62C000A68E08 /* Project object */;
			proxyType = 1;
			remoteGlobalIDString = B66A07E2287D641800A68E08;
			remoteInfo = "NetIdMobileSdk-App";
		};
		B66A07FD287D641900A68E08 /* PBXContainerItemProxy */ = {
			isa = PBXContainerItemProxy;
			containerPortal = B66A07BC287D62C000A68E08 /* Project object */;
			proxyType = 1;
			remoteGlobalIDString = B66A07E2287D641800A68E08;
			remoteInfo = "NetIdMobileSdk-App";
		};
/* End PBXContainerItemProxy section */

/* Begin PBXCopyFilesBuildPhase section */
		B6616179288E9339004F7ACB /* Embed Frameworks */ = {
			isa = PBXCopyFilesBuildPhase;
			buildActionMask = 2147483647;
			dstPath = "";
			dstSubfolderSpec = 10;
			files = (
				B6616176288E9339004F7ACB /* NetIdMobileSdk.framework in Embed Frameworks */,
			);
			name = "Embed Frameworks";
			runOnlyForDeploymentPostprocessing = 0;
		};
/* End PBXCopyFilesBuildPhase section */

/* Begin PBXFileReference section */
		2B3FC65A288AAAE400EF824B /* en */ = {isa = PBXFileReference; lastKnownFileType = text.plist.strings; name = en; path = en.lproj/Localizable.strings; sourceTree = "<group>"; };
		2B3FC65C288AAAE500EF824B /* de */ = {isa = PBXFileReference; lastKnownFileType = text.plist.strings; name = de; path = de.lproj/Localizable.strings; sourceTree = "<group>"; };
		2B3FC65D288B1A3F00EF824B /* ServiceViewModel.swift */ = {isa = PBXFileReference; lastKnownFileType = sourcecode.swift; path = ServiceViewModel.swift; sourceTree = "<group>"; };
		2BE4ECDA28898E02000722C0 /* en */ = {isa = PBXFileReference; lastKnownFileType = text.plist.strings; name = en; path = en.lproj/NetIdMobileSdkLocalizable.strings; sourceTree = "<group>"; };
		2BE4ECDC28898E03000722C0 /* de */ = {isa = PBXFileReference; lastKnownFileType = text.plist.strings; name = de; path = de.lproj/NetIdMobileSdkLocalizable.strings; sourceTree = "<group>"; };
		2BEE602328883BC30064661C /* AuthorizationView.swift */ = {isa = PBXFileReference; lastKnownFileType = sourcecode.swift; path = AuthorizationView.swift; sourceTree = "<group>"; };
		2BEE602528883D6D0064661C /* Assets.xcassets */ = {isa = PBXFileReference; lastKnownFileType = folder.assetcatalog; path = Assets.xcassets; sourceTree = "<group>"; };
		2FF2D08AC0AE93B1824BCCF9 /* AppAuthManagerDelegate.swift */ = {isa = PBXFileReference; fileEncoding = 4; lastKnownFileType = sourcecode.swift; path = AppAuthManagerDelegate.swift; sourceTree = "<group>"; };
		2FF2D165E3EDAF64CC7914F8 /* UIApplication+NetIdMobileSdkApp.swift */ = {isa = PBXFileReference; fileEncoding = 4; lastKnownFileType = sourcecode.swift; path = "UIApplication+NetIdMobileSdkApp.swift"; sourceTree = "<group>"; };
		2FF2D2100AB5893D811888DA /* NetIdServiceDelegate.swift */ = {isa = PBXFileReference; fileEncoding = 4; lastKnownFileType = sourcecode.swift; path = NetIdServiceDelegate.swift; sourceTree = "<group>"; };
		2FF2D2CC9EABCA604E782588 /* NetIdConfig.swift */ = {isa = PBXFileReference; fileEncoding = 4; lastKnownFileType = sourcecode.swift; path = NetIdConfig.swift; sourceTree = "<group>"; };
		2FF2D3B0995127D1DE754B73 /* AppIdentifier.swift */ = {isa = PBXFileReference; fileEncoding = 4; lastKnownFileType = sourcecode.swift; path = AppIdentifier.swift; sourceTree = "<group>"; };
		2FF2D776C2E10A28425C9BCB /* ReachabilityUtil.swift */ = {isa = PBXFileReference; fileEncoding = 4; lastKnownFileType = sourcecode.swift; path = ReachabilityUtil.swift; sourceTree = "<group>"; };
		2FF2D788D37D2F0C3519DD4B /* NetIdError.swift */ = {isa = PBXFileReference; fileEncoding = 4; lastKnownFileType = sourcecode.swift; path = NetIdError.swift; sourceTree = "<group>"; };
		2FF2D8630B9D6FE3DCEB3302 /* NetIdService.swift */ = {isa = PBXFileReference; fileEncoding = 4; lastKnownFileType = sourcecode.swift; path = NetIdService.swift; sourceTree = "<group>"; };
		2FF2DA526593F2A7FBDDF232 /* NetIdErrorCode.swift */ = {isa = PBXFileReference; fileEncoding = 4; lastKnownFileType = sourcecode.swift; path = NetIdErrorCode.swift; sourceTree = "<group>"; };
		2FF2DD44382CBB7F3DDF845B /* AppAuthManager.swift */ = {isa = PBXFileReference; fileEncoding = 4; lastKnownFileType = sourcecode.swift; path = AppAuthManager.swift; sourceTree = "<group>"; };
		2FF2DDE9BB5F1AF942124D4F /* NetIdErrorProcess.swift */ = {isa = PBXFileReference; fileEncoding = 4; lastKnownFileType = sourcecode.swift; path = NetIdErrorProcess.swift; sourceTree = "<group>"; };
		2FF2DE27C6825AECD022A6A7 /* AuthorizationUtil.swift */ = {isa = PBXFileReference; fileEncoding = 4; lastKnownFileType = sourcecode.swift; path = AuthorizationUtil.swift; sourceTree = "<group>"; };
		B6265F4D28802A39006B1E9D /* WebserviceConstants.swift */ = {isa = PBXFileReference; lastKnownFileType = sourcecode.swift; path = WebserviceConstants.swift; sourceTree = "<group>"; };
		B661616C288E6AA8004F7ACB /* AppDetailsIOS.swift */ = {isa = PBXFileReference; lastKnownFileType = sourcecode.swift; path = AppDetailsIOS.swift; sourceTree = "<group>"; };
		B661616E288E72C7004F7ACB /* NetIdAppIdentifiers.swift */ = {isa = PBXFileReference; lastKnownFileType = sourcecode.swift; path = NetIdAppIdentifiers.swift; sourceTree = "<group>"; };
		B6616170288E7332004F7ACB /* AppDetailsAndroid.swift */ = {isa = PBXFileReference; lastKnownFileType = sourcecode.swift; path = AppDetailsAndroid.swift; sourceTree = "<group>"; };
		B6616173288E9320004F7ACB /* Info.plist */ = {isa = PBXFileReference; lastKnownFileType = text.plist; path = Info.plist; sourceTree = "<group>"; };
		B661617A288EBA11004F7ACB /* NetIdMobileSdkApp.entitlements */ = {isa = PBXFileReference; lastKnownFileType = text.plist.entitlements; path = NetIdMobileSdkApp.entitlements; sourceTree = "<group>"; };
		B661617B288EDAB4004F7ACB /* UserInfo.swift */ = {isa = PBXFileReference; lastKnownFileType = sourcecode.swift; path = UserInfo.swift; sourceTree = "<group>"; };
		B661617D288EDB6F004F7ACB /* Address.swift */ = {isa = PBXFileReference; lastKnownFileType = sourcecode.swift; path = Address.swift; sourceTree = "<group>"; };
		B661617F288EDBEB004F7ACB /* ShippingAddress.swift */ = {isa = PBXFileReference; lastKnownFileType = sourcecode.swift; path = ShippingAddress.swift; sourceTree = "<group>"; };
		B66A07C5287D62C100A68E08 /* NetIdMobileSdk.framework */ = {isa = PBXFileReference; explicitFileType = wrapper.framework; includeInIndex = 0; path = NetIdMobileSdk.framework; sourceTree = BUILT_PRODUCTS_DIR; };
		B66A07C8287D62C100A68E08 /* NetIdMobileSdk.h */ = {isa = PBXFileReference; lastKnownFileType = sourcecode.c.h; path = NetIdMobileSdk.h; sourceTree = "<group>"; };
		B66A07C9287D62C100A68E08 /* NetIdMobileSdk.docc */ = {isa = PBXFileReference; lastKnownFileType = folder.documentationcatalog; path = NetIdMobileSdk.docc; sourceTree = "<group>"; };
		B66A07CF287D62C100A68E08 /* NetIdMobileSdkTests.xctest */ = {isa = PBXFileReference; explicitFileType = wrapper.cfbundle; includeInIndex = 0; path = NetIdMobileSdkTests.xctest; sourceTree = BUILT_PRODUCTS_DIR; };
		B66A07D4287D62C100A68E08 /* NetIdMobileSdkTests.swift */ = {isa = PBXFileReference; lastKnownFileType = sourcecode.swift; path = NetIdMobileSdkTests.swift; sourceTree = "<group>"; };
		B66A07E3287D641800A68E08 /* NetIdMobileSdk-App.app */ = {isa = PBXFileReference; explicitFileType = wrapper.application; includeInIndex = 0; path = "NetIdMobileSdk-App.app"; sourceTree = BUILT_PRODUCTS_DIR; };
		B66A07E5287D641800A68E08 /* NetIdMobileSdk_AppApp.swift */ = {isa = PBXFileReference; lastKnownFileType = sourcecode.swift; path = NetIdMobileSdk_AppApp.swift; sourceTree = "<group>"; };
		B66A07E7287D641800A68E08 /* ContentView.swift */ = {isa = PBXFileReference; lastKnownFileType = sourcecode.swift; path = ContentView.swift; sourceTree = "<group>"; };
		B66A07E9287D641900A68E08 /* Assets.xcassets */ = {isa = PBXFileReference; lastKnownFileType = folder.assetcatalog; path = Assets.xcassets; sourceTree = "<group>"; };
		B66A07EC287D641900A68E08 /* Preview Assets.xcassets */ = {isa = PBXFileReference; lastKnownFileType = folder.assetcatalog; path = "Preview Assets.xcassets"; sourceTree = "<group>"; };
		B66A07F2287D641900A68E08 /* NetIdMobileSdk-AppTests.xctest */ = {isa = PBXFileReference; explicitFileType = wrapper.cfbundle; includeInIndex = 0; path = "NetIdMobileSdk-AppTests.xctest"; sourceTree = BUILT_PRODUCTS_DIR; };
		B66A07F6287D641900A68E08 /* NetIdMobileSdk_AppTests.swift */ = {isa = PBXFileReference; lastKnownFileType = sourcecode.swift; path = NetIdMobileSdk_AppTests.swift; sourceTree = "<group>"; };
		B66A07FC287D641900A68E08 /* NetIdMobileSdk-AppUITests.xctest */ = {isa = PBXFileReference; explicitFileType = wrapper.cfbundle; includeInIndex = 0; path = "NetIdMobileSdk-AppUITests.xctest"; sourceTree = BUILT_PRODUCTS_DIR; };
		B66A0800287D641900A68E08 /* NetIdMobileSdk_AppUITests.swift */ = {isa = PBXFileReference; lastKnownFileType = sourcecode.swift; path = NetIdMobileSdk_AppUITests.swift; sourceTree = "<group>"; };
		B66A0802287D641900A68E08 /* NetIdMobileSdk_AppUITestsLaunchTests.swift */ = {isa = PBXFileReference; lastKnownFileType = sourcecode.swift; path = NetIdMobileSdk_AppUITestsLaunchTests.swift; sourceTree = "<group>"; };
		B66E34C228858697001C937D /* netIdAppIdentifiers.json */ = {isa = PBXFileReference; fileEncoding = 4; lastKnownFileType = text.json; path = netIdAppIdentifiers.json; sourceTree = "<group>"; };
		D692A32646CA35E8E031BDDF /* BaseRequest.swift */ = {isa = PBXFileReference; fileEncoding = 4; lastKnownFileType = sourcecode.swift; path = BaseRequest.swift; sourceTree = "<group>"; };
		D692A9528B4B97FD743663AC /* HttpMethod.swift */ = {isa = PBXFileReference; fileEncoding = 4; lastKnownFileType = sourcecode.swift; path = HttpMethod.swift; sourceTree = "<group>"; };
		D692A969E36F89F39914A503 /* Webservice.swift */ = {isa = PBXFileReference; fileEncoding = 4; lastKnownFileType = sourcecode.swift; path = Webservice.swift; sourceTree = "<group>"; };
		D692AAFA685C38A14BB1B529 /* RequestQuery.swift */ = {isa = PBXFileReference; fileEncoding = 4; lastKnownFileType = sourcecode.swift; path = RequestQuery.swift; sourceTree = "<group>"; };
		D692ABA93CF874069DC0E636 /* UserInfoRequest.swift */ = {isa = PBXFileReference; fileEncoding = 4; lastKnownFileType = sourcecode.swift; path = UserInfoRequest.swift; sourceTree = "<group>"; };
		D692AEA622C9D0187769924E /* LocalizableUtil.swift */ = {isa = PBXFileReference; fileEncoding = 4; lastKnownFileType = sourcecode.swift; path = LocalizableUtil.swift; sourceTree = "<group>"; };
		D692AECFE5C71DDD154FCC3A /* Logger.swift */ = {isa = PBXFileReference; fileEncoding = 4; lastKnownFileType = sourcecode.swift; path = Logger.swift; sourceTree = "<group>"; };
/* End PBXFileReference section */

/* Begin PBXFrameworksBuildPhase section */
		B66A07C2287D62C100A68E08 /* Frameworks */ = {
			isa = PBXFrameworksBuildPhase;
			buildActionMask = 2147483647;
			files = (
				B6B22D232880276300F45264 /* AppAuth in Frameworks */,
				B6B22D252880276300F45264 /* AppAuthCore in Frameworks */,
			);
			runOnlyForDeploymentPostprocessing = 0;
		};
		B66A07CC287D62C100A68E08 /* Frameworks */ = {
			isa = PBXFrameworksBuildPhase;
			buildActionMask = 2147483647;
			files = (
				B66A07D0287D62C100A68E08 /* NetIdMobileSdk.framework in Frameworks */,
			);
			runOnlyForDeploymentPostprocessing = 0;
		};
		B66A07E0287D641800A68E08 /* Frameworks */ = {
			isa = PBXFrameworksBuildPhase;
			buildActionMask = 2147483647;
			files = (
				B6616175288E9339004F7ACB /* NetIdMobileSdk.framework in Frameworks */,
			);
			runOnlyForDeploymentPostprocessing = 0;
		};
		B66A07EF287D641900A68E08 /* Frameworks */ = {
			isa = PBXFrameworksBuildPhase;
			buildActionMask = 2147483647;
			files = (
			);
			runOnlyForDeploymentPostprocessing = 0;
		};
		B66A07F9287D641900A68E08 /* Frameworks */ = {
			isa = PBXFrameworksBuildPhase;
			buildActionMask = 2147483647;
			files = (
			);
			runOnlyForDeploymentPostprocessing = 0;
		};
/* End PBXFrameworksBuildPhase section */

/* Begin PBXGroup section */
		2B3FC655288A9C6A00EF824B /* SupportingFiles */ = {
			isa = PBXGroup;
			children = (
				2BE4ECDB28898E02000722C0 /* NetIdMobileSdkLocalizable.strings */,
			);
			path = SupportingFiles;
			sourceTree = "<group>";
		};
		2B3FC656288AAAD000EF824B /* SupportingFiles */ = {
			isa = PBXGroup;
			children = (
				2B3FC65B288AAAE400EF824B /* Localizable.strings */,
			);
			path = SupportingFiles;
			sourceTree = "<group>";
		};
		2BEE602228883B470064661C /* UI */ = {
			isa = PBXGroup;
			children = (
				2BEE602528883D6D0064661C /* Assets.xcassets */,
				2BEE602328883BC30064661C /* AuthorizationView.swift */,
			);
			path = UI;
			sourceTree = "<group>";
		};
		2FF2D5C954FCEDDD092358ED /* assets */ = {
			isa = PBXGroup;
			children = (
				B66E34C228858697001C937D /* netIdAppIdentifiers.json */,
			);
			path = assets;
			sourceTree = "<group>";
		};
		2FF2D7A7538FA596DA383263 /* manager */ = {
			isa = PBXGroup;
			children = (
				2FF2DD44382CBB7F3DDF845B /* AppAuthManager.swift */,
				2FF2D08AC0AE93B1824BCCF9 /* AppAuthManagerDelegate.swift */,
			);
			path = manager;
			sourceTree = "<group>";
		};
		2FF2D91FE51FEBCB8CE6AEEE /* extension */ = {
			isa = PBXGroup;
			children = (
				2FF2D165E3EDAF64CC7914F8 /* UIApplication+NetIdMobileSdkApp.swift */,
			);
			path = extension;
			sourceTree = "<group>";
		};
		2FF2DB58D173116137DD18CE /* api */ = {
			isa = PBXGroup;
			children = (
				2FF2D8630B9D6FE3DCEB3302 /* NetIdService.swift */,
				2FF2D2CC9EABCA604E782588 /* NetIdConfig.swift */,
				2FF2D788D37D2F0C3519DD4B /* NetIdError.swift */,
				2FF2DA526593F2A7FBDDF232 /* NetIdErrorCode.swift */,
				2FF2DDE9BB5F1AF942124D4F /* NetIdErrorProcess.swift */,
				2FF2D2100AB5893D811888DA /* NetIdServiceDelegate.swift */,
			);
			path = api;
			sourceTree = "<group>";
		};
		B6616172288E856A004F7ACB /* model */ = {
			isa = PBXGroup;
			children = (
				2FF2D3B0995127D1DE754B73 /* AppIdentifier.swift */,
				B661616C288E6AA8004F7ACB /* AppDetailsIOS.swift */,
				B661616E288E72C7004F7ACB /* NetIdAppIdentifiers.swift */,
				B6616170288E7332004F7ACB /* AppDetailsAndroid.swift */,
				B661617B288EDAB4004F7ACB /* UserInfo.swift */,
				B661617D288EDB6F004F7ACB /* Address.swift */,
				B661617F288EDBEB004F7ACB /* ShippingAddress.swift */,
			);
			path = model;
			sourceTree = "<group>";
		};
		B6616174288E9339004F7ACB /* Frameworks */ = {
			isa = PBXGroup;
			children = (
			);
			name = Frameworks;
			sourceTree = "<group>";
		};
		B66A07BB287D62C000A68E08 = {
			isa = PBXGroup;
			children = (
				B66A07C7287D62C100A68E08 /* NetIdMobileSdk */,
				B66A07D3287D62C100A68E08 /* NetIdMobileSdkTests */,
				B66A07E4287D641800A68E08 /* NetIdMobileSdk-App */,
				B66A07F5287D641900A68E08 /* NetIdMobileSdk-AppTests */,
				B66A07FF287D641900A68E08 /* NetIdMobileSdk-AppUITests */,
				B66A07C6287D62C100A68E08 /* Products */,
				B6616174288E9339004F7ACB /* Frameworks */,
			);
			sourceTree = "<group>";
		};
		B66A07C6287D62C100A68E08 /* Products */ = {
			isa = PBXGroup;
			children = (
				B66A07C5287D62C100A68E08 /* NetIdMobileSdk.framework */,
				B66A07CF287D62C100A68E08 /* NetIdMobileSdkTests.xctest */,
				B66A07E3287D641800A68E08 /* NetIdMobileSdk-App.app */,
				B66A07F2287D641900A68E08 /* NetIdMobileSdk-AppTests.xctest */,
				B66A07FC287D641900A68E08 /* NetIdMobileSdk-AppUITests.xctest */,
			);
			name = Products;
			sourceTree = "<group>";
		};
		B66A07C7287D62C100A68E08 /* NetIdMobileSdk */ = {
			isa = PBXGroup;
			children = (
				2B3FC655288A9C6A00EF824B /* SupportingFiles */,
				B6616172288E856A004F7ACB /* model */,
				2BEE602228883B470064661C /* UI */,
				B66A07C8287D62C100A68E08 /* NetIdMobileSdk.h */,
				B66A07C9287D62C100A68E08 /* NetIdMobileSdk.docc */,
				2FF2DB58D173116137DD18CE /* api */,
				D692AC0C9C87EF2738DEBB6B /* webservice */,
				D692A89B8CCB0AF20188F653 /* util */,
				2FF2D7A7538FA596DA383263 /* manager */,
				2FF2D5C954FCEDDD092358ED /* assets */,
			);
			path = NetIdMobileSdk;
			sourceTree = "<group>";
		};
		B66A07D3287D62C100A68E08 /* NetIdMobileSdkTests */ = {
			isa = PBXGroup;
			children = (
				B66A07D4287D62C100A68E08 /* NetIdMobileSdkTests.swift */,
			);
			path = NetIdMobileSdkTests;
			sourceTree = "<group>";
		};
		B66A07E4287D641800A68E08 /* NetIdMobileSdk-App */ = {
			isa = PBXGroup;
			children = (
				B6616173288E9320004F7ACB /* Info.plist */,
				2B3FC656288AAAD000EF824B /* SupportingFiles */,
				B66A07E5287D641800A68E08 /* NetIdMobileSdk_AppApp.swift */,
				B66A07E7287D641800A68E08 /* ContentView.swift */,
				B66A07E9287D641900A68E08 /* Assets.xcassets */,
				B66A07EB287D641900A68E08 /* Preview Content */,
				2B3FC65D288B1A3F00EF824B /* ServiceViewModel.swift */,
				2FF2D91FE51FEBCB8CE6AEEE /* extension */,
				B661617A288EBA11004F7ACB /* NetIdMobileSdkApp.entitlements */,
			);
			path = "NetIdMobileSdk-App";
			sourceTree = "<group>";
		};
		B66A07EB287D641900A68E08 /* Preview Content */ = {
			isa = PBXGroup;
			children = (
				B66A07EC287D641900A68E08 /* Preview Assets.xcassets */,
			);
			path = "Preview Content";
			sourceTree = "<group>";
		};
		B66A07F5287D641900A68E08 /* NetIdMobileSdk-AppTests */ = {
			isa = PBXGroup;
			children = (
				B66A07F6287D641900A68E08 /* NetIdMobileSdk_AppTests.swift */,
			);
			path = "NetIdMobileSdk-AppTests";
			sourceTree = "<group>";
		};
		B66A07FF287D641900A68E08 /* NetIdMobileSdk-AppUITests */ = {
			isa = PBXGroup;
			children = (
				B66A0800287D641900A68E08 /* NetIdMobileSdk_AppUITests.swift */,
				B66A0802287D641900A68E08 /* NetIdMobileSdk_AppUITestsLaunchTests.swift */,
			);
			path = "NetIdMobileSdk-AppUITests";
			sourceTree = "<group>";
		};
		D692A2C182E5BE8DD0DFD21D /* userInfo */ = {
			isa = PBXGroup;
			children = (
				D692ABA93CF874069DC0E636 /* UserInfoRequest.swift */,
			);
			path = userInfo;
			sourceTree = "<group>";
		};
		D692A35A48947C6F3353FEA2 /* request */ = {
			isa = PBXGroup;
			children = (
				D692A32646CA35E8E031BDDF /* BaseRequest.swift */,
				D692AAFA685C38A14BB1B529 /* RequestQuery.swift */,
				D692A9528B4B97FD743663AC /* HttpMethod.swift */,
				D692A2C182E5BE8DD0DFD21D /* userInfo */,
			);
			path = request;
			sourceTree = "<group>";
		};
		D692A89B8CCB0AF20188F653 /* util */ = {
			isa = PBXGroup;
			children = (
				D692AECFE5C71DDD154FCC3A /* Logger.swift */,
				B6265F4D28802A39006B1E9D /* WebserviceConstants.swift */,
				2FF2DE27C6825AECD022A6A7 /* AuthorizationUtil.swift */,
				D692AEA622C9D0187769924E /* LocalizableUtil.swift */,
				2FF2D776C2E10A28425C9BCB /* ReachabilityUtil.swift */,
			);
			path = util;
			sourceTree = "<group>";
		};
		D692AC0C9C87EF2738DEBB6B /* webservice */ = {
			isa = PBXGroup;
			children = (
				D692A35A48947C6F3353FEA2 /* request */,
				D692A969E36F89F39914A503 /* Webservice.swift */,
			);
			path = webservice;
			sourceTree = "<group>";
		};
/* End PBXGroup section */

/* Begin PBXHeadersBuildPhase section */
		B66A07C0287D62C100A68E08 /* Headers */ = {
			isa = PBXHeadersBuildPhase;
			buildActionMask = 2147483647;
			files = (
				B66A07D6287D62C100A68E08 /* NetIdMobileSdk.h in Headers */,
			);
			runOnlyForDeploymentPostprocessing = 0;
		};
/* End PBXHeadersBuildPhase section */

/* Begin PBXNativeTarget section */
		B66A07C4287D62C100A68E08 /* NetIdMobileSdk */ = {
			isa = PBXNativeTarget;
			buildConfigurationList = B66A07D9287D62C100A68E08 /* Build configuration list for PBXNativeTarget "NetIdMobileSdk" */;
			buildPhases = (
				B66A07C0287D62C100A68E08 /* Headers */,
				B66A07C1287D62C100A68E08 /* Sources */,
				B66A07C2287D62C100A68E08 /* Frameworks */,
				B66A07C3287D62C100A68E08 /* Resources */,
			);
			buildRules = (
			);
			dependencies = (
			);
			name = NetIdMobileSdk;
			packageProductDependencies = (
				B6B22D222880276300F45264 /* AppAuth */,
				B6B22D242880276300F45264 /* AppAuthCore */,
			);
			productName = NetIdMobileSdk;
			productReference = B66A07C5287D62C100A68E08 /* NetIdMobileSdk.framework */;
			productType = "com.apple.product-type.framework";
		};
		B66A07CE287D62C100A68E08 /* NetIdMobileSdkTests */ = {
			isa = PBXNativeTarget;
			buildConfigurationList = B66A07DC287D62C100A68E08 /* Build configuration list for PBXNativeTarget "NetIdMobileSdkTests" */;
			buildPhases = (
				B66A07CB287D62C100A68E08 /* Sources */,
				B66A07CC287D62C100A68E08 /* Frameworks */,
				B66A07CD287D62C100A68E08 /* Resources */,
			);
			buildRules = (
			);
			dependencies = (
				B66A07D2287D62C100A68E08 /* PBXTargetDependency */,
			);
			name = NetIdMobileSdkTests;
			productName = NetIdMobileSdkTests;
			productReference = B66A07CF287D62C100A68E08 /* NetIdMobileSdkTests.xctest */;
			productType = "com.apple.product-type.bundle.unit-test";
		};
		B66A07E2287D641800A68E08 /* NetIdMobileSdk-App */ = {
			isa = PBXNativeTarget;
			buildConfigurationList = B66A0804287D641900A68E08 /* Build configuration list for PBXNativeTarget "NetIdMobileSdk-App" */;
			buildPhases = (
				B66A07DF287D641800A68E08 /* Sources */,
				B66A07E0287D641800A68E08 /* Frameworks */,
				B66A07E1287D641800A68E08 /* Resources */,
				B6616179288E9339004F7ACB /* Embed Frameworks */,
			);
			buildRules = (
			);
			dependencies = (
				B6616178288E9339004F7ACB /* PBXTargetDependency */,
			);
			name = "NetIdMobileSdk-App";
			productName = "NetIdMobileSdk-App";
			productReference = B66A07E3287D641800A68E08 /* NetIdMobileSdk-App.app */;
			productType = "com.apple.product-type.application";
		};
		B66A07F1287D641900A68E08 /* NetIdMobileSdk-AppTests */ = {
			isa = PBXNativeTarget;
			buildConfigurationList = B66A0807287D641900A68E08 /* Build configuration list for PBXNativeTarget "NetIdMobileSdk-AppTests" */;
			buildPhases = (
				B66A07EE287D641900A68E08 /* Sources */,
				B66A07EF287D641900A68E08 /* Frameworks */,
				B66A07F0287D641900A68E08 /* Resources */,
			);
			buildRules = (
			);
			dependencies = (
				B66A07F4287D641900A68E08 /* PBXTargetDependency */,
			);
			name = "NetIdMobileSdk-AppTests";
			productName = "NetIdMobileSdk-AppTests";
			productReference = B66A07F2287D641900A68E08 /* NetIdMobileSdk-AppTests.xctest */;
			productType = "com.apple.product-type.bundle.unit-test";
		};
		B66A07FB287D641900A68E08 /* NetIdMobileSdk-AppUITests */ = {
			isa = PBXNativeTarget;
			buildConfigurationList = B66A080A287D641900A68E08 /* Build configuration list for PBXNativeTarget "NetIdMobileSdk-AppUITests" */;
			buildPhases = (
				B66A07F8287D641900A68E08 /* Sources */,
				B66A07F9287D641900A68E08 /* Frameworks */,
				B66A07FA287D641900A68E08 /* Resources */,
			);
			buildRules = (
			);
			dependencies = (
				B66A07FE287D641900A68E08 /* PBXTargetDependency */,
			);
			name = "NetIdMobileSdk-AppUITests";
			productName = "NetIdMobileSdk-AppUITests";
			productReference = B66A07FC287D641900A68E08 /* NetIdMobileSdk-AppUITests.xctest */;
			productType = "com.apple.product-type.bundle.ui-testing";
		};
/* End PBXNativeTarget section */

/* Begin PBXProject section */
		B66A07BC287D62C000A68E08 /* Project object */ = {
			isa = PBXProject;
			attributes = {
				BuildIndependentTargetsInParallel = 1;
				LastSwiftUpdateCheck = 1340;
				LastUpgradeCheck = 1340;
				TargetAttributes = {
					B66A07C4287D62C100A68E08 = {
						CreatedOnToolsVersion = 13.4.1;
					};
					B66A07CE287D62C100A68E08 = {
						CreatedOnToolsVersion = 13.4.1;
					};
					B66A07E2287D641800A68E08 = {
						CreatedOnToolsVersion = 13.4.1;
					};
					B66A07F1287D641900A68E08 = {
						CreatedOnToolsVersion = 13.4.1;
						TestTargetID = B66A07E2287D641800A68E08;
					};
					B66A07FB287D641900A68E08 = {
						CreatedOnToolsVersion = 13.4.1;
						TestTargetID = B66A07E2287D641800A68E08;
					};
				};
			};
			buildConfigurationList = B66A07BF287D62C000A68E08 /* Build configuration list for PBXProject "NetIdMobileSdk" */;
			compatibilityVersion = "Xcode 13.0";
			developmentRegion = en;
			hasScannedForEncodings = 0;
			knownRegions = (
				en,
				Base,
				de,
			);
			mainGroup = B66A07BB287D62C000A68E08;
			packageReferences = (
				B6B22D212880276200F45264 /* XCRemoteSwiftPackageReference "AppAuth-iOS.git" */,
			);
			productRefGroup = B66A07C6287D62C100A68E08 /* Products */;
			projectDirPath = "";
			projectRoot = "";
			targets = (
				B66A07C4287D62C100A68E08 /* NetIdMobileSdk */,
				B66A07CE287D62C100A68E08 /* NetIdMobileSdkTests */,
				B66A07E2287D641800A68E08 /* NetIdMobileSdk-App */,
				B66A07F1287D641900A68E08 /* NetIdMobileSdk-AppTests */,
				B66A07FB287D641900A68E08 /* NetIdMobileSdk-AppUITests */,
			);
		};
/* End PBXProject section */

/* Begin PBXResourcesBuildPhase section */
		B66A07C3287D62C100A68E08 /* Resources */ = {
			isa = PBXResourcesBuildPhase;
			buildActionMask = 2147483647;
			files = (
				2BEE602628883D6D0064661C /* Assets.xcassets in Resources */,
				2BE4ECD928898E02000722C0 /* NetIdMobileSdkLocalizable.strings in Resources */,
				B66E34C328858697001C937D /* netIdAppIdentifiers.json in Resources */,
			);
			runOnlyForDeploymentPostprocessing = 0;
		};
		B66A07CD287D62C100A68E08 /* Resources */ = {
			isa = PBXResourcesBuildPhase;
			buildActionMask = 2147483647;
			files = (
			);
			runOnlyForDeploymentPostprocessing = 0;
		};
		B66A07E1287D641800A68E08 /* Resources */ = {
			isa = PBXResourcesBuildPhase;
			buildActionMask = 2147483647;
			files = (
				B66A07ED287D641900A68E08 /* Preview Assets.xcassets in Resources */,
				2B3FC659288AAAE400EF824B /* Localizable.strings in Resources */,
				B66A07EA287D641900A68E08 /* Assets.xcassets in Resources */,
			);
			runOnlyForDeploymentPostprocessing = 0;
		};
		B66A07F0287D641900A68E08 /* Resources */ = {
			isa = PBXResourcesBuildPhase;
			buildActionMask = 2147483647;
			files = (
			);
			runOnlyForDeploymentPostprocessing = 0;
		};
		B66A07FA287D641900A68E08 /* Resources */ = {
			isa = PBXResourcesBuildPhase;
			buildActionMask = 2147483647;
			files = (
			);
			runOnlyForDeploymentPostprocessing = 0;
		};
/* End PBXResourcesBuildPhase section */

/* Begin PBXSourcesBuildPhase section */
		B66A07C1287D62C100A68E08 /* Sources */ = {
			isa = PBXSourcesBuildPhase;
			buildActionMask = 2147483647;
			files = (
				B66A07CA287D62C100A68E08 /* NetIdMobileSdk.docc in Sources */,
				2FF2DFCBA26C5B11DA66DBFA /* NetIdService.swift in Sources */,
				2FF2DD417BEBC9BF673CFD4A /* NetIdConfig.swift in Sources */,
				D692A9E4151DD1CF4ED1AEB9 /* BaseRequest.swift in Sources */,
				B6265F4E28802A39006B1E9D /* WebserviceConstants.swift in Sources */,
				D692AA57D95E955120FBFED8 /* RequestQuery.swift in Sources */,
				B661617E288EDB6F004F7ACB /* Address.swift in Sources */,
				B661617C288EDAB4004F7ACB /* UserInfo.swift in Sources */,
				2BEE602428883BC30064661C /* AuthorizationView.swift in Sources */,
				B6616180288EDBEB004F7ACB /* ShippingAddress.swift in Sources */,
				D692AA6C6725960AF6DC01B7 /* HttpMethod.swift in Sources */,
				B661616F288E72C7004F7ACB /* NetIdAppIdentifiers.swift in Sources */,
				D692A7D6C6D7405A6C1329C1 /* Webservice.swift in Sources */,
				D692A4D3C8CB9416BC2169B5 /* Logger.swift in Sources */,
				B6616171288E7332004F7ACB /* AppDetailsAndroid.swift in Sources */,
				2FF2D05273895B8683B75C7F /* NetIdError.swift in Sources */,
				2FF2D2F7E130CEDA49607E9C /* NetIdErrorCode.swift in Sources */,
				2FF2DE1C64DF1EB53AD4B0AF /* NetIdErrorProcess.swift in Sources */,
				2FF2D2CB682F57417BBDBAAC /* NetIdServiceDelegate.swift in Sources */,
				2FF2D689722CE99CF54C03F3 /* AppAuthManager.swift in Sources */,
				B661616D288E6AA8004F7ACB /* AppDetailsIOS.swift in Sources */,
				2FF2D3D113E89AC5C3BDC61D /* AppAuthManagerDelegate.swift in Sources */,
				2FF2DE0624C75427A6702D26 /* AuthorizationUtil.swift in Sources */,
				D692A5B324DB3046EE5067CC /* LocalizableUtil.swift in Sources */,
				2FF2DE1D368A69BE44D9561A /* AppIdentifier.swift in Sources */,
				D692A4A1B8C8F360A887DEBF /* UserInfoRequest.swift in Sources */,
				2FF2D62D5B11D8FD4AFD0728 /* ReachabilityUtil.swift in Sources */,
			);
			runOnlyForDeploymentPostprocessing = 0;
		};
		B66A07CB287D62C100A68E08 /* Sources */ = {
			isa = PBXSourcesBuildPhase;
			buildActionMask = 2147483647;
			files = (
				B66A07D5287D62C100A68E08 /* NetIdMobileSdkTests.swift in Sources */,
			);
			runOnlyForDeploymentPostprocessing = 0;
		};
		B66A07DF287D641800A68E08 /* Sources */ = {
			isa = PBXSourcesBuildPhase;
			buildActionMask = 2147483647;
			files = (
				B66A07E8287D641800A68E08 /* ContentView.swift in Sources */,
				2B3FC65E288B1A3F00EF824B /* ServiceViewModel.swift in Sources */,
				B66A07E6287D641800A68E08 /* NetIdMobileSdk_AppApp.swift in Sources */,
				2FF2D7369B75FA88C4468B64 /* UIApplication+NetIdMobileSdkApp.swift in Sources */,
			);
			runOnlyForDeploymentPostprocessing = 0;
		};
		B66A07EE287D641900A68E08 /* Sources */ = {
			isa = PBXSourcesBuildPhase;
			buildActionMask = 2147483647;
			files = (
				B66A07F7287D641900A68E08 /* NetIdMobileSdk_AppTests.swift in Sources */,
			);
			runOnlyForDeploymentPostprocessing = 0;
		};
		B66A07F8287D641900A68E08 /* Sources */ = {
			isa = PBXSourcesBuildPhase;
			buildActionMask = 2147483647;
			files = (
				B66A0803287D641900A68E08 /* NetIdMobileSdk_AppUITestsLaunchTests.swift in Sources */,
				B66A0801287D641900A68E08 /* NetIdMobileSdk_AppUITests.swift in Sources */,
			);
			runOnlyForDeploymentPostprocessing = 0;
		};
/* End PBXSourcesBuildPhase section */

/* Begin PBXTargetDependency section */
		B6616178288E9339004F7ACB /* PBXTargetDependency */ = {
			isa = PBXTargetDependency;
			platformFilter = ios;
			target = B66A07C4287D62C100A68E08 /* NetIdMobileSdk */;
			targetProxy = B6616177288E9339004F7ACB /* PBXContainerItemProxy */;
		};
		B66A07D2287D62C100A68E08 /* PBXTargetDependency */ = {
			isa = PBXTargetDependency;
			target = B66A07C4287D62C100A68E08 /* NetIdMobileSdk */;
			targetProxy = B66A07D1287D62C100A68E08 /* PBXContainerItemProxy */;
		};
		B66A07F4287D641900A68E08 /* PBXTargetDependency */ = {
			isa = PBXTargetDependency;
			target = B66A07E2287D641800A68E08 /* NetIdMobileSdk-App */;
			targetProxy = B66A07F3287D641900A68E08 /* PBXContainerItemProxy */;
		};
		B66A07FE287D641900A68E08 /* PBXTargetDependency */ = {
			isa = PBXTargetDependency;
			target = B66A07E2287D641800A68E08 /* NetIdMobileSdk-App */;
			targetProxy = B66A07FD287D641900A68E08 /* PBXContainerItemProxy */;
		};
/* End PBXTargetDependency section */

/* Begin PBXVariantGroup section */
		2B3FC65B288AAAE400EF824B /* Localizable.strings */ = {
			isa = PBXVariantGroup;
			children = (
				2B3FC65A288AAAE400EF824B /* en */,
				2B3FC65C288AAAE500EF824B /* de */,
			);
			name = Localizable.strings;
			sourceTree = "<group>";
		};
		2BE4ECDB28898E02000722C0 /* NetIdMobileSdkLocalizable.strings */ = {
			isa = PBXVariantGroup;
			children = (
				2BE4ECDA28898E02000722C0 /* en */,
				2BE4ECDC28898E03000722C0 /* de */,
			);
			name = NetIdMobileSdkLocalizable.strings;
			sourceTree = "<group>";
		};
/* End PBXVariantGroup section */

/* Begin XCBuildConfiguration section */
		B66A07D7287D62C100A68E08 /* Debug */ = {
			isa = XCBuildConfiguration;
			buildSettings = {
				ALWAYS_SEARCH_USER_PATHS = NO;
				CLANG_ANALYZER_LOCALIZABILITY_NONLOCALIZED = YES;
				CLANG_ANALYZER_NONNULL = YES;
				CLANG_ANALYZER_NUMBER_OBJECT_CONVERSION = YES_AGGRESSIVE;
				CLANG_CXX_LANGUAGE_STANDARD = "gnu++17";
				CLANG_ENABLE_MODULES = YES;
				CLANG_ENABLE_OBJC_ARC = YES;
				CLANG_ENABLE_OBJC_WEAK = YES;
				CLANG_WARN_BLOCK_CAPTURE_AUTORELEASING = YES;
				CLANG_WARN_BOOL_CONVERSION = YES;
				CLANG_WARN_COMMA = YES;
				CLANG_WARN_CONSTANT_CONVERSION = YES;
				CLANG_WARN_DEPRECATED_OBJC_IMPLEMENTATIONS = YES;
				CLANG_WARN_DIRECT_OBJC_ISA_USAGE = YES_ERROR;
				CLANG_WARN_DOCUMENTATION_COMMENTS = YES;
				CLANG_WARN_EMPTY_BODY = YES;
				CLANG_WARN_ENUM_CONVERSION = YES;
				CLANG_WARN_INFINITE_RECURSION = YES;
				CLANG_WARN_INT_CONVERSION = YES;
				CLANG_WARN_NON_LITERAL_NULL_CONVERSION = YES;
				CLANG_WARN_OBJC_IMPLICIT_RETAIN_SELF = YES;
				CLANG_WARN_OBJC_LITERAL_CONVERSION = YES;
				CLANG_WARN_OBJC_ROOT_CLASS = YES_ERROR;
				CLANG_WARN_QUOTED_INCLUDE_IN_FRAMEWORK_HEADER = YES;
				CLANG_WARN_RANGE_LOOP_ANALYSIS = YES;
				CLANG_WARN_STRICT_PROTOTYPES = YES;
				CLANG_WARN_SUSPICIOUS_MOVE = YES;
				CLANG_WARN_UNGUARDED_AVAILABILITY = YES_AGGRESSIVE;
				CLANG_WARN_UNREACHABLE_CODE = YES;
				CLANG_WARN__DUPLICATE_METHOD_MATCH = YES;
				COPY_PHASE_STRIP = NO;
				CURRENT_PROJECT_VERSION = 1;
				DEBUG_INFORMATION_FORMAT = dwarf;
				ENABLE_STRICT_OBJC_MSGSEND = YES;
				ENABLE_TESTABILITY = YES;
				GCC_C_LANGUAGE_STANDARD = gnu11;
				GCC_DYNAMIC_NO_PIC = NO;
				GCC_NO_COMMON_BLOCKS = YES;
				GCC_OPTIMIZATION_LEVEL = 0;
				GCC_PREPROCESSOR_DEFINITIONS = (
					"DEBUG=1",
					"$(inherited)",
				);
				GCC_WARN_64_TO_32_BIT_CONVERSION = YES;
				GCC_WARN_ABOUT_RETURN_TYPE = YES_ERROR;
				GCC_WARN_UNDECLARED_SELECTOR = YES;
				GCC_WARN_UNINITIALIZED_AUTOS = YES_AGGRESSIVE;
				GCC_WARN_UNUSED_FUNCTION = YES;
				GCC_WARN_UNUSED_VARIABLE = YES;
				IPHONEOS_DEPLOYMENT_TARGET = 15.5;
				MTL_ENABLE_DEBUG_INFO = INCLUDE_SOURCE;
				MTL_FAST_MATH = YES;
				ONLY_ACTIVE_ARCH = YES;
				SDKROOT = iphoneos;
				SWIFT_ACTIVE_COMPILATION_CONDITIONS = DEBUG;
				SWIFT_EMIT_LOC_STRINGS = YES;
				SWIFT_OPTIMIZATION_LEVEL = "-Onone";
				VERSIONING_SYSTEM = "apple-generic";
				VERSION_INFO_PREFIX = "";
			};
			name = Debug;
		};
		B66A07D8287D62C100A68E08 /* Release */ = {
			isa = XCBuildConfiguration;
			buildSettings = {
				ALWAYS_SEARCH_USER_PATHS = NO;
				CLANG_ANALYZER_LOCALIZABILITY_NONLOCALIZED = YES;
				CLANG_ANALYZER_NONNULL = YES;
				CLANG_ANALYZER_NUMBER_OBJECT_CONVERSION = YES_AGGRESSIVE;
				CLANG_CXX_LANGUAGE_STANDARD = "gnu++17";
				CLANG_ENABLE_MODULES = YES;
				CLANG_ENABLE_OBJC_ARC = YES;
				CLANG_ENABLE_OBJC_WEAK = YES;
				CLANG_WARN_BLOCK_CAPTURE_AUTORELEASING = YES;
				CLANG_WARN_BOOL_CONVERSION = YES;
				CLANG_WARN_COMMA = YES;
				CLANG_WARN_CONSTANT_CONVERSION = YES;
				CLANG_WARN_DEPRECATED_OBJC_IMPLEMENTATIONS = YES;
				CLANG_WARN_DIRECT_OBJC_ISA_USAGE = YES_ERROR;
				CLANG_WARN_DOCUMENTATION_COMMENTS = YES;
				CLANG_WARN_EMPTY_BODY = YES;
				CLANG_WARN_ENUM_CONVERSION = YES;
				CLANG_WARN_INFINITE_RECURSION = YES;
				CLANG_WARN_INT_CONVERSION = YES;
				CLANG_WARN_NON_LITERAL_NULL_CONVERSION = YES;
				CLANG_WARN_OBJC_IMPLICIT_RETAIN_SELF = YES;
				CLANG_WARN_OBJC_LITERAL_CONVERSION = YES;
				CLANG_WARN_OBJC_ROOT_CLASS = YES_ERROR;
				CLANG_WARN_QUOTED_INCLUDE_IN_FRAMEWORK_HEADER = YES;
				CLANG_WARN_RANGE_LOOP_ANALYSIS = YES;
				CLANG_WARN_STRICT_PROTOTYPES = YES;
				CLANG_WARN_SUSPICIOUS_MOVE = YES;
				CLANG_WARN_UNGUARDED_AVAILABILITY = YES_AGGRESSIVE;
				CLANG_WARN_UNREACHABLE_CODE = YES;
				CLANG_WARN__DUPLICATE_METHOD_MATCH = YES;
				COPY_PHASE_STRIP = NO;
				CURRENT_PROJECT_VERSION = 1;
				DEBUG_INFORMATION_FORMAT = "dwarf-with-dsym";
				ENABLE_NS_ASSERTIONS = NO;
				ENABLE_STRICT_OBJC_MSGSEND = YES;
				GCC_C_LANGUAGE_STANDARD = gnu11;
				GCC_NO_COMMON_BLOCKS = YES;
				GCC_WARN_64_TO_32_BIT_CONVERSION = YES;
				GCC_WARN_ABOUT_RETURN_TYPE = YES_ERROR;
				GCC_WARN_UNDECLARED_SELECTOR = YES;
				GCC_WARN_UNINITIALIZED_AUTOS = YES_AGGRESSIVE;
				GCC_WARN_UNUSED_FUNCTION = YES;
				GCC_WARN_UNUSED_VARIABLE = YES;
				IPHONEOS_DEPLOYMENT_TARGET = 15.5;
				MTL_ENABLE_DEBUG_INFO = NO;
				MTL_FAST_MATH = YES;
				SDKROOT = iphoneos;
				SWIFT_COMPILATION_MODE = wholemodule;
				SWIFT_EMIT_LOC_STRINGS = YES;
				SWIFT_OPTIMIZATION_LEVEL = "-O";
				VALIDATE_PRODUCT = YES;
				VERSIONING_SYSTEM = "apple-generic";
				VERSION_INFO_PREFIX = "";
			};
			name = Release;
		};
		B66A07DA287D62C100A68E08 /* Debug */ = {
			isa = XCBuildConfiguration;
			buildSettings = {
				CODE_SIGN_IDENTITY = "Apple Development";
				CODE_SIGN_STYLE = Manual;
				CURRENT_PROJECT_VERSION = 1;
				DEFINES_MODULE = YES;
				DEVELOPMENT_TEAM = "";
				DYLIB_COMPATIBILITY_VERSION = 1;
				DYLIB_CURRENT_VERSION = 1;
				DYLIB_INSTALL_NAME_BASE = "@rpath";
				GENERATE_INFOPLIST_FILE = YES;
				INFOPLIST_KEY_NSHumanReadableCopyright = "";
				INSTALL_PATH = "$(LOCAL_LIBRARY_DIR)/Frameworks";
				LD_RUNPATH_SEARCH_PATHS = (
					"$(inherited)",
					"@executable_path/Frameworks",
					"@loader_path/Frameworks",
				);
				MARKETING_VERSION = 1.0;
				PRODUCT_BUNDLE_IDENTIFIER = de.netid.mobile.sdk.NetIdMobileSdk;
				PRODUCT_NAME = "$(TARGET_NAME:c99extidentifier)";
				PROVISIONING_PROFILE_SPECIFIER = "";
				SKIP_INSTALL = YES;
				SUPPORTS_MACCATALYST = NO;
				SWIFT_EMIT_LOC_STRINGS = YES;
				SWIFT_VERSION = 5.0;
				TARGETED_DEVICE_FAMILY = "1,2";
			};
			name = Debug;
		};
		B66A07DB287D62C100A68E08 /* Release */ = {
			isa = XCBuildConfiguration;
			buildSettings = {
				CODE_SIGN_IDENTITY = "Apple Development";
				CODE_SIGN_STYLE = Manual;
				CURRENT_PROJECT_VERSION = 1;
				DEFINES_MODULE = YES;
				DEVELOPMENT_TEAM = "";
				DYLIB_COMPATIBILITY_VERSION = 1;
				DYLIB_CURRENT_VERSION = 1;
				DYLIB_INSTALL_NAME_BASE = "@rpath";
				GENERATE_INFOPLIST_FILE = YES;
				INFOPLIST_KEY_NSHumanReadableCopyright = "";
				INSTALL_PATH = "$(LOCAL_LIBRARY_DIR)/Frameworks";
				LD_RUNPATH_SEARCH_PATHS = (
					"$(inherited)",
					"@executable_path/Frameworks",
					"@loader_path/Frameworks",
				);
				MARKETING_VERSION = 1.0;
				PRODUCT_BUNDLE_IDENTIFIER = de.netid.mobile.sdk.NetIdMobileSdk;
				PRODUCT_NAME = "$(TARGET_NAME:c99extidentifier)";
				PROVISIONING_PROFILE_SPECIFIER = "";
				SKIP_INSTALL = YES;
				SUPPORTS_MACCATALYST = NO;
				SWIFT_EMIT_LOC_STRINGS = YES;
				SWIFT_VERSION = 5.0;
				TARGETED_DEVICE_FAMILY = "1,2";
			};
			name = Release;
		};
		B66A07DD287D62C100A68E08 /* Debug */ = {
			isa = XCBuildConfiguration;
			buildSettings = {
				CODE_SIGN_STYLE = Automatic;
				CURRENT_PROJECT_VERSION = 1;
				GENERATE_INFOPLIST_FILE = YES;
				MARKETING_VERSION = 1.0;
				PRODUCT_BUNDLE_IDENTIFIER = de.netid.mobile.sdk.NetIdMobileSdkTests;
				PRODUCT_NAME = "$(TARGET_NAME)";
				SWIFT_EMIT_LOC_STRINGS = NO;
				SWIFT_VERSION = 5.0;
				TARGETED_DEVICE_FAMILY = "1,2";
			};
			name = Debug;
		};
		B66A07DE287D62C100A68E08 /* Release */ = {
			isa = XCBuildConfiguration;
			buildSettings = {
				CODE_SIGN_STYLE = Automatic;
				CURRENT_PROJECT_VERSION = 1;
				GENERATE_INFOPLIST_FILE = YES;
				MARKETING_VERSION = 1.0;
				PRODUCT_BUNDLE_IDENTIFIER = de.netid.mobile.sdk.NetIdMobileSdkTests;
				PRODUCT_NAME = "$(TARGET_NAME)";
				SWIFT_EMIT_LOC_STRINGS = NO;
				SWIFT_VERSION = 5.0;
				TARGETED_DEVICE_FAMILY = "1,2";
			};
			name = Release;
		};
		B66A0805287D641900A68E08 /* Debug */ = {
			isa = XCBuildConfiguration;
			buildSettings = {
				ASSETCATALOG_COMPILER_APPICON_NAME = AppIcon;
				ASSETCATALOG_COMPILER_GLOBAL_ACCENT_COLOR_NAME = AccentColor;
				CODE_SIGN_ENTITLEMENTS = "NetIdMobileSdk-App/NetIdMobileSdkApp.entitlements";
				CODE_SIGN_STYLE = Manual;
				CURRENT_PROJECT_VERSION = 1;
				DEVELOPMENT_ASSET_PATHS = "\"NetIdMobileSdk-App/Preview Content\"";
				DEVELOPMENT_TEAM = "";
				ENABLE_PREVIEWS = YES;
				GENERATE_INFOPLIST_FILE = YES;
				INFOPLIST_FILE = "NetIdMobileSdk-App/Info.plist";
				INFOPLIST_KEY_UIApplicationSceneManifest_Generation = YES;
				INFOPLIST_KEY_UIApplicationSupportsIndirectInputEvents = YES;
				INFOPLIST_KEY_UILaunchScreen_Generation = YES;
				INFOPLIST_KEY_UISupportedInterfaceOrientations_iPad = "UIInterfaceOrientationPortrait UIInterfaceOrientationPortraitUpsideDown UIInterfaceOrientationLandscapeLeft UIInterfaceOrientationLandscapeRight";
				INFOPLIST_KEY_UISupportedInterfaceOrientations_iPhone = "UIInterfaceOrientationPortrait UIInterfaceOrientationLandscapeLeft UIInterfaceOrientationLandscapeRight";
				LD_RUNPATH_SEARCH_PATHS = (
					"$(inherited)",
					"@executable_path/Frameworks",
				);
				MARKETING_VERSION = 1.0;
				PRODUCT_BUNDLE_IDENTIFIER = de.netid.mobile.sdk.NetIdMobileSdkApp;
				PRODUCT_NAME = "$(TARGET_NAME)";
				PROVISIONING_PROFILE_SPECIFIER = "";
				SWIFT_EMIT_LOC_STRINGS = YES;
				SWIFT_VERSION = 5.0;
				TARGETED_DEVICE_FAMILY = "1,2";
			};
			name = Debug;
		};
		B66A0806287D641900A68E08 /* Release */ = {
			isa = XCBuildConfiguration;
			buildSettings = {
				ASSETCATALOG_COMPILER_APPICON_NAME = AppIcon;
				ASSETCATALOG_COMPILER_GLOBAL_ACCENT_COLOR_NAME = AccentColor;
				CODE_SIGN_ENTITLEMENTS = "NetIdMobileSdk-App/NetIdMobileSdkApp.entitlements";
				CODE_SIGN_STYLE = Manual;
				CURRENT_PROJECT_VERSION = 1;
				DEVELOPMENT_ASSET_PATHS = "\"NetIdMobileSdk-App/Preview Content\"";
				DEVELOPMENT_TEAM = "";
				ENABLE_PREVIEWS = YES;
				GENERATE_INFOPLIST_FILE = YES;
				INFOPLIST_FILE = "NetIdMobileSdk-App/Info.plist";
				INFOPLIST_KEY_UIApplicationSceneManifest_Generation = YES;
				INFOPLIST_KEY_UIApplicationSupportsIndirectInputEvents = YES;
				INFOPLIST_KEY_UILaunchScreen_Generation = YES;
				INFOPLIST_KEY_UISupportedInterfaceOrientations_iPad = "UIInterfaceOrientationPortrait UIInterfaceOrientationPortraitUpsideDown UIInterfaceOrientationLandscapeLeft UIInterfaceOrientationLandscapeRight";
				INFOPLIST_KEY_UISupportedInterfaceOrientations_iPhone = "UIInterfaceOrientationPortrait UIInterfaceOrientationLandscapeLeft UIInterfaceOrientationLandscapeRight";
				LD_RUNPATH_SEARCH_PATHS = (
					"$(inherited)",
					"@executable_path/Frameworks",
				);
				MARKETING_VERSION = 1.0;
				PRODUCT_BUNDLE_IDENTIFIER = de.netid.mobile.sdk.NetIdMobileSdkApp;
				PRODUCT_NAME = "$(TARGET_NAME)";
				PROVISIONING_PROFILE_SPECIFIER = "";
				SWIFT_EMIT_LOC_STRINGS = YES;
				SWIFT_VERSION = 5.0;
				TARGETED_DEVICE_FAMILY = "1,2";
			};
			name = Release;
		};
		B66A0808287D641900A68E08 /* Debug */ = {
			isa = XCBuildConfiguration;
			buildSettings = {
				ALWAYS_EMBED_SWIFT_STANDARD_LIBRARIES = YES;
				BUNDLE_LOADER = "$(TEST_HOST)";
				CODE_SIGN_STYLE = Automatic;
				CURRENT_PROJECT_VERSION = 1;
				GENERATE_INFOPLIST_FILE = YES;
				IPHONEOS_DEPLOYMENT_TARGET = 15.5;
				MARKETING_VERSION = 1.0;
				PRODUCT_BUNDLE_IDENTIFIER = "de.netid.mobile.sdk.NetIdMobileSdk-AppTests";
				PRODUCT_NAME = "$(TARGET_NAME)";
				SWIFT_EMIT_LOC_STRINGS = NO;
				SWIFT_VERSION = 5.0;
				TARGETED_DEVICE_FAMILY = "1,2";
				TEST_HOST = "$(BUILT_PRODUCTS_DIR)/NetIdMobileSdk-App.app/NetIdMobileSdk-App";
			};
			name = Debug;
		};
		B66A0809287D641900A68E08 /* Release */ = {
			isa = XCBuildConfiguration;
			buildSettings = {
				ALWAYS_EMBED_SWIFT_STANDARD_LIBRARIES = YES;
				BUNDLE_LOADER = "$(TEST_HOST)";
				CODE_SIGN_STYLE = Automatic;
				CURRENT_PROJECT_VERSION = 1;
				GENERATE_INFOPLIST_FILE = YES;
				IPHONEOS_DEPLOYMENT_TARGET = 15.5;
				MARKETING_VERSION = 1.0;
				PRODUCT_BUNDLE_IDENTIFIER = "de.netid.mobile.sdk.NetIdMobileSdk-AppTests";
				PRODUCT_NAME = "$(TARGET_NAME)";
				SWIFT_EMIT_LOC_STRINGS = NO;
				SWIFT_VERSION = 5.0;
				TARGETED_DEVICE_FAMILY = "1,2";
				TEST_HOST = "$(BUILT_PRODUCTS_DIR)/NetIdMobileSdk-App.app/NetIdMobileSdk-App";
			};
			name = Release;
		};
		B66A080B287D641900A68E08 /* Debug */ = {
			isa = XCBuildConfiguration;
			buildSettings = {
				ALWAYS_EMBED_SWIFT_STANDARD_LIBRARIES = YES;
				CODE_SIGN_STYLE = Automatic;
				CURRENT_PROJECT_VERSION = 1;
				GENERATE_INFOPLIST_FILE = YES;
				MARKETING_VERSION = 1.0;
				PRODUCT_BUNDLE_IDENTIFIER = "de.netid.mobile.sdk.NetIdMobileSdk-AppUITests";
				PRODUCT_NAME = "$(TARGET_NAME)";
				SWIFT_EMIT_LOC_STRINGS = NO;
				SWIFT_VERSION = 5.0;
				TARGETED_DEVICE_FAMILY = "1,2";
				TEST_TARGET_NAME = "NetIdMobileSdk-App";
			};
			name = Debug;
		};
		B66A080C287D641900A68E08 /* Release */ = {
			isa = XCBuildConfiguration;
			buildSettings = {
				ALWAYS_EMBED_SWIFT_STANDARD_LIBRARIES = YES;
				CODE_SIGN_STYLE = Automatic;
				CURRENT_PROJECT_VERSION = 1;
				GENERATE_INFOPLIST_FILE = YES;
				MARKETING_VERSION = 1.0;
				PRODUCT_BUNDLE_IDENTIFIER = "de.netid.mobile.sdk.NetIdMobileSdk-AppUITests";
				PRODUCT_NAME = "$(TARGET_NAME)";
				SWIFT_EMIT_LOC_STRINGS = NO;
				SWIFT_VERSION = 5.0;
				TARGETED_DEVICE_FAMILY = "1,2";
				TEST_TARGET_NAME = "NetIdMobileSdk-App";
			};
			name = Release;
		};
/* End XCBuildConfiguration section */

/* Begin XCConfigurationList section */
		B66A07BF287D62C000A68E08 /* Build configuration list for PBXProject "NetIdMobileSdk" */ = {
			isa = XCConfigurationList;
			buildConfigurations = (
				B66A07D7287D62C100A68E08 /* Debug */,
				B66A07D8287D62C100A68E08 /* Release */,
			);
			defaultConfigurationIsVisible = 0;
			defaultConfigurationName = Release;
		};
		B66A07D9287D62C100A68E08 /* Build configuration list for PBXNativeTarget "NetIdMobileSdk" */ = {
			isa = XCConfigurationList;
			buildConfigurations = (
				B66A07DA287D62C100A68E08 /* Debug */,
				B66A07DB287D62C100A68E08 /* Release */,
			);
			defaultConfigurationIsVisible = 0;
			defaultConfigurationName = Release;
		};
		B66A07DC287D62C100A68E08 /* Build configuration list for PBXNativeTarget "NetIdMobileSdkTests" */ = {
			isa = XCConfigurationList;
			buildConfigurations = (
				B66A07DD287D62C100A68E08 /* Debug */,
				B66A07DE287D62C100A68E08 /* Release */,
			);
			defaultConfigurationIsVisible = 0;
			defaultConfigurationName = Release;
		};
		B66A0804287D641900A68E08 /* Build configuration list for PBXNativeTarget "NetIdMobileSdk-App" */ = {
			isa = XCConfigurationList;
			buildConfigurations = (
				B66A0805287D641900A68E08 /* Debug */,
				B66A0806287D641900A68E08 /* Release */,
			);
			defaultConfigurationIsVisible = 0;
			defaultConfigurationName = Release;
		};
		B66A0807287D641900A68E08 /* Build configuration list for PBXNativeTarget "NetIdMobileSdk-AppTests" */ = {
			isa = XCConfigurationList;
			buildConfigurations = (
				B66A0808287D641900A68E08 /* Debug */,
				B66A0809287D641900A68E08 /* Release */,
			);
			defaultConfigurationIsVisible = 0;
			defaultConfigurationName = Release;
		};
		B66A080A287D641900A68E08 /* Build configuration list for PBXNativeTarget "NetIdMobileSdk-AppUITests" */ = {
			isa = XCConfigurationList;
			buildConfigurations = (
				B66A080B287D641900A68E08 /* Debug */,
				B66A080C287D641900A68E08 /* Release */,
			);
			defaultConfigurationIsVisible = 0;
			defaultConfigurationName = Release;
		};
/* End XCConfigurationList section */

/* Begin XCRemoteSwiftPackageReference section */
		B6B22D212880276200F45264 /* XCRemoteSwiftPackageReference "AppAuth-iOS.git" */ = {
			isa = XCRemoteSwiftPackageReference;
			repositoryURL = "https://github.com/openid/AppAuth-iOS.git";
			requirement = {
				kind = upToNextMajorVersion;
				minimumVersion = 1.3.0;
			};
		};
/* End XCRemoteSwiftPackageReference section */

/* Begin XCSwiftPackageProductDependency section */
		B6B22D222880276300F45264 /* AppAuth */ = {
			isa = XCSwiftPackageProductDependency;
			package = B6B22D212880276200F45264 /* XCRemoteSwiftPackageReference "AppAuth-iOS.git" */;
			productName = AppAuth;
		};
		B6B22D242880276300F45264 /* AppAuthCore */ = {
			isa = XCSwiftPackageProductDependency;
			package = B6B22D212880276200F45264 /* XCRemoteSwiftPackageReference "AppAuth-iOS.git" */;
			productName = AppAuthCore;
		};
/* End XCSwiftPackageProductDependency section */
	};
	rootObject = B66A07BC287D62C000A68E08 /* Project object */;
}
